
Microsoft Visual Studio Solution File, Format Version 12.00
# Visual Studio 15
VisualStudioVersion = 15.0.28010.2016
MinimumVisualStudioVersion = 10.0.40219.1
Project("{FAE04EC0-301F-11D3-BF4B-00C04F79EFBC}") = "MVCRockers", "MVCRockers\MVCRockers.csproj", "{3B2B7520-FE90-4319-B23F-559DED33C8EC}"
EndProject
Project("{FAE04EC0-301F-11D3-BF4B-00C04F79EFBC}") = "MVCRockers.Tests", "MVCRockers.Tests\MVCRockers.Tests.csproj", "{ECCCD987-D3A5-4A66-B392-60F571E0718E}"
EndProject
Global
	GlobalSection(SolutionConfigurationPlatforms) = preSolution
		Debug|Any CPU = Debug|Any CPU
		Release|Any CPU = Release|Any CPU
	EndGlobalSection
	GlobalSection(ProjectConfigurationPlatforms) = postSolution
		{3B2B7520-FE90-4319-B23F-559DED33C8EC}.Debug|Any CPU.ActiveCfg = Debug|Any CPU
		{3B2B7520-FE90-4319-B23F-559DED33C8EC}.Debug|Any CPU.Build.0 = Debug|Any CPU
		{3B2B7520-FE90-4319-B23F-559DED33C8EC}.Release|Any CPU.ActiveCfg = Release|Any CPU
		{3B2B7520-FE90-4319-B23F-559DED33C8EC}.Release|Any CPU.Build.0 = Release|Any CPU
		{ECCCD987-D3A5-4A66-B392-60F571E0718E}.Debug|Any CPU.ActiveCfg = Debug|Any CPU
		{ECCCD987-D3A5-4A66-B392-60F571E0718E}.Debug|Any CPU.Build.0 = Debug|Any CPU
		{ECCCD987-D3A5-4A66-B392-60F571E0718E}.Release|Any CPU.ActiveCfg = Release|Any CPU
		{ECCCD987-D3A5-4A66-B392-60F571E0718E}.Release|Any CPU.Build.0 = Release|Any CPU
	EndGlobalSection
	GlobalSection(SolutionProperties) = preSolution
		HideSolutionNode = FALSE
	EndGlobalSection
	GlobalSection(ExtensibilityGlobals) = postSolution
		SolutionGuid = {852D153C-1A30-408F-9673-D6C16CC15A60}
	EndGlobalSection
EndGlobal
